
Microsoft Visual Studio Solution File, Format Version 12.00
# Visual Studio Version 17
VisualStudioVersion = 17.10.35013.160
MinimumVisualStudioVersion = 10.0.40219.1
Project("{FAE04EC0-301F-11D3-BF4B-00C04F79EFBC}") = "DataStructure", "DataStructure\DataStructure.csproj", "{068045F6-13A7-46CA-9CEB-C7257A05B776}"
EndProject
Global
	GlobalSection(SolutionConfigurationPlatforms) = preSolution
		Debug|Any CPU = Debug|Any CPU
		Release|Any CPU = Release|Any CPU
	EndGlobalSection
	GlobalSection(ProjectConfigurationPlatforms) = postSolution
		{068045F6-13A7-46CA-9CEB-C7257A05B776}.Debug|Any CPU.ActiveCfg = Debug|Any CPU
		{068045F6-13A7-46CA-9CEB-C7257A05B776}.Debug|Any CPU.Build.0 = Debug|Any CPU
		{068045F6-13A7-46CA-9CEB-C7257A05B776}.Release|Any CPU.ActiveCfg = Release|Any CPU
		{068045F6-13A7-46CA-9CEB-C7257A05B776}.Release|Any CPU.Build.0 = Release|Any CPU
	EndGlobalSection
	GlobalSection(SolutionProperties) = preSolution
		HideSolutionNode = FALSE
	EndGlobalSection
	GlobalSection(ExtensibilityGlobals) = postSolution
		SolutionGuid = {7433E2AB-8CED-4CC4-85A9-0D5CE4BFACE5}
	EndGlobalSection
EndGlobal
