
Microsoft Visual Studio Solution File, Format Version 12.00
# Visual Studio Version 17
VisualStudioVersion = 17.5.002.0
MinimumVisualStudioVersion = 10.0.40219.1
Project("{9A19103F-16F7-4668-BE54-9A1E7A4F7556}") = "Multicast Delegates", "Multicast Delegates.csproj", "{213FE9DF-1569-4AD1-9B2A-D38E5D195822}"
EndProject
Global
	GlobalSection(SolutionConfigurationPlatforms) = preSolution
		Debug|Any CPU = Debug|Any CPU
		Release|Any CPU = Release|Any CPU
	EndGlobalSection
	GlobalSection(ProjectConfigurationPlatforms) = postSolution
		{213FE9DF-1569-4AD1-9B2A-D38E5D195822}.Debug|Any CPU.ActiveCfg = Debug|Any CPU
		{213FE9DF-1569-4AD1-9B2A-D38E5D195822}.Debug|Any CPU.Build.0 = Debug|Any CPU
		{213FE9DF-1569-4AD1-9B2A-D38E5D195822}.Release|Any CPU.ActiveCfg = Release|Any CPU
		{213FE9DF-1569-4AD1-9B2A-D38E5D195822}.Release|Any CPU.Build.0 = Release|Any CPU
	EndGlobalSection
	GlobalSection(SolutionProperties) = preSolution
		HideSolutionNode = FALSE
	EndGlobalSection
	GlobalSection(ExtensibilityGlobals) = postSolution
		SolutionGuid = {D842018C-67D3-42D4-8344-065F14B72EC4}
	EndGlobalSection
EndGlobal
