
Microsoft Visual Studio Solution File, Format Version 12.00
Project("{FAE04EC0-301F-11D3-BF4B-00C04F79EFBC}") = "AbstractClass", "AbstractClass\AbstractClass.csproj", "{DAF98E85-4FBF-4D5C-AAE3-0E38B73FE8E1}"
EndProject
Global
	GlobalSection(SolutionConfigurationPlatforms) = preSolution
		Debug|Any CPU = Debug|Any CPU
		Release|Any CPU = Release|Any CPU
	EndGlobalSection
	GlobalSection(ProjectConfigurationPlatforms) = postSolution
		{DAF98E85-4FBF-4D5C-AAE3-0E38B73FE8E1}.Debug|Any CPU.ActiveCfg = Debug|Any CPU
		{DAF98E85-4FBF-4D5C-AAE3-0E38B73FE8E1}.Debug|Any CPU.Build.0 = Debug|Any CPU
		{DAF98E85-4FBF-4D5C-AAE3-0E38B73FE8E1}.Release|Any CPU.ActiveCfg = Release|Any CPU
		{DAF98E85-4FBF-4D5C-AAE3-0E38B73FE8E1}.Release|Any CPU.Build.0 = Release|Any CPU
	EndGlobalSection
EndGlobal
